{
  "version": 1,
  "dependencies": {
    "net10.0-windows7.0": {
      "DalamudPackager": {
        "type": "Direct",
        "requested": "[15.0.0, )",
        "resolved": "15.0.0",
        "contentHash": "411vwC8/X8Z/sQ2TI6v3SvOn66xFPeOjFn3Zn+h0d3Ox2t1kFm66AhDvmx/qcMwVrR+Hidxj0dadpQ2dgyXMBQ=="
      },
      "DotNet.ReproducibleBuilds": {
        "type": "Direct",
        "requested": "[1.2.39, )",
        "resolved": "1.2.39",
        "contentHash": "fcFN01tDTIQqDuTwr1jUQK/geofiwjG5DycJQOnC72i1SsLAk1ELe+apBOuZ11UMQG8YKFZG1FgvjZPbqHyatg=="
      },
      "ECommons": {
        "type": "Direct",
        "requested": "[3.2.0.19, )",
        "resolved": "3.2.0.19",
        "contentHash": "yqRy0/6nuGx47c2Xaem7dyrQmV5Wv8aT5V6mQ1Rd03wPGsAFh+CbxDSFtBTGLxt2ZMW+anj4JoBlxj7KEFIMBg=="
      },
      "Microsoft.Extensions.DependencyInjection": {
        "type": "Direct",
        "requested": "[11.0.0-preview.4.26230.115, )",
        "resolved": "11.0.0-preview.4.26230.115",
        "contentHash": "v+F34r5W5XgR95xG0Te2KyYmCDnkc4kljLMGEZ30WKQjAzuXz/pLTEvsRNYxNJUzfKPI0H4oqLglyHZkCe1lYw==",
        "dependencies": {
          "Microsoft.Extensions.DependencyInjection.Abstractions": "11.0.0-preview.4.26230.115"
        }
      },
      "Microsoft.Extensions.DependencyInjection.Abstractions": {
        "type": "Direct",
        "requested": "[11.0.0-preview.4.26230.115, )",
        "resolved": "11.0.0-preview.4.26230.115",
        "contentHash": "8lCRTWtFbIM5DTZ5JaPJDbNNEUsPGDq8TteHzs5yIzZqTa15vNPacJFKA+Li1FRtvW/A96nmf1rIEJcxiuDRBg=="
      },
      "Microsoft.Extensions.Hosting.Abstractions": {
        "type": "Direct",
        "requested": "[11.0.0-preview.4.26230.115, )",
        "resolved": "11.0.0-preview.4.26230.115",
        "contentHash": "059JBQuwgPJjq2QRjHW2F9/vaJGLcrWD5O0Yv6Uqh9/PFSUbfBEe6gvn8z32qHkbhSstUxEpBFeKI1sua7QODg==",
        "dependencies": {
          "Microsoft.Extensions.Configuration.Abstractions": "11.0.0-preview.4.26230.115",
          "Microsoft.Extensions.DependencyInjection.Abstractions": "11.0.0-preview.4.26230.115",
          "Microsoft.Extensions.Diagnostics.Abstractions": "11.0.0-preview.4.26230.115",
          "Microsoft.Extensions.FileProviders.Abstractions": "11.0.0-preview.4.26230.115",
          "Microsoft.Extensions.Logging.Abstractions": "11.0.0-preview.4.26230.115"
        }
      },
      "Microsoft.Extensions.Configuration.Abstractions": {
        "type": "Transitive",
        "resolved": "11.0.0-preview.4.26230.115",
        "contentHash": "p4WDlAkHrZjC56D4l1FtSOf+13GtJywQJoWZ6Pi6hvbZ5ZJ0/lsVkcZpft52PaF1KB+6XvwNE4NCuL/5ybeN5Q==",
        "dependencies": {
          "Microsoft.Extensions.Primitives": "11.0.0-preview.4.26230.115"
        }
      },
      "Microsoft.Extensions.Diagnostics.Abstractions": {
        "type": "Transitive",
        "resolved": "11.0.0-preview.4.26230.115",
        "contentHash": "A5ksai6JMv2acx16rfqh8slTZrhcPN/cgf88WLnR1HziyTIVhOwhsuWx/DSA0rwN6qQNsUCQJCbqkvbauT/COw==",
        "dependencies": {
          "Microsoft.Extensions.DependencyInjection.Abstractions": "11.0.0-preview.4.26230.115",
          "Microsoft.Extensions.Options": "11.0.0-preview.4.26230.115",
          "System.Diagnostics.DiagnosticSource": "11.0.0-preview.4.26230.115"
        }
      },
      "Microsoft.Extensions.FileProviders.Abstractions": {
        "type": "Transitive",
        "resolved": "11.0.0-preview.4.26230.115",
        "contentHash": "3qQeqEqPh0CK8AoNb7k25oVsIxI+vCZqu776H7jin0x7s3tiDcsqnqhCH4UojMQF0Ep8sER33flfoB2MSgI+4Q==",
        "dependencies": {
          "Microsoft.Extensions.Primitives": "11.0.0-preview.4.26230.115"
        }
      },
      "Microsoft.Extensions.Logging.Abstractions": {
        "type": "Transitive",
        "resolved": "11.0.0-preview.4.26230.115",
        "contentHash": "W5LkYolc6E6j5gscomfAZ0QAjxTR4yrcgnNKuSKT9rx5umHIgmaN+uVEZJAoEXNxa3cP6KsgwzGcZQOQ2mzb/g==",
        "dependencies": {
          "Microsoft.Extensions.DependencyInjection.Abstractions": "11.0.0-preview.4.26230.115",
          "System.Diagnostics.DiagnosticSource": "11.0.0-preview.4.26230.115"
        }
      },
      "Microsoft.Extensions.Options": {
        "type": "Transitive",
        "resolved": "11.0.0-preview.4.26230.115",
        "contentHash": "G/dimrhqVHNqdl5c+QjetDU53tQeeU6vPyzYqEKBeYNU8ZFYf4AP2YvNliTVxVY/6c1dZdCpLTm5NKR+Qa+O0w==",
        "dependencies": {
          "Microsoft.Extensions.DependencyInjection.Abstractions": "11.0.0-preview.4.26230.115",
          "Microsoft.Extensions.Primitives": "11.0.0-preview.4.26230.115"
        }
      },
      "Microsoft.Extensions.Primitives": {
        "type": "Transitive",
        "resolved": "11.0.0-preview.4.26230.115",
        "contentHash": "YGEd1YyLGKQrZ04EFQyINY03GPkpZ4MuZrZBGKGX+K/yzsvINC1ApwIm0l7QyR9vyV2Ekrf4HAEK2lSLgw80Kw=="
      },
      "System.Diagnostics.DiagnosticSource": {
        "type": "Transitive",
        "resolved": "11.0.0-preview.4.26230.115",
        "contentHash": "7p7Zo+D+Mcqb9IJaAQsAvK5ZsdC952Xy5nZn28EeWHcNdR26vcGLh+WF57KyVqEydpA2AbQwrQtZEF02yX48Pw=="
      }
    }
  }
}